// !$*UTF8*$!
{
	archiveVersion = 1;
	classes = {
	};
	objectVersion = 46;
	objects = {

/* Begin PBXBuildFile section */
		ED23AC301D51BF7E00E441A9 /* AppDelegate.swift in Sources */ = {isa = PBXBuildFile; fileRef = ED23AC2F1D51BF7E00E441A9 /* AppDelegate.swift */; };
		ED23AC321D51BF7E00E441A9 /* ViewController.swift in Sources */ = {isa = PBXBuildFile; fileRef = ED23AC311D51BF7E00E441A9 /* ViewController.swift */; };
		ED23AC351D51BF7E00E441A9 /* Main.storyboard in Resources */ = {isa = PBXBuildFile; fileRef = ED23AC331D51BF7E00E441A9 /* Main.storyboard */; };
		ED23AC371D51BF7E00E441A9 /* Assets.xcassets in Resources */ = {isa = PBXBuildFile; fileRef = ED23AC361D51BF7E00E441A9 /* Assets.xcassets */; };
		ED23AC3A1D51BF7E00E441A9 /* LaunchScreen.storyboard in Resources */ = {isa = PBXBuildFile; fileRef = ED23AC381D51BF7E00E441A9 /* LaunchScreen.storyboard */; };
/* End PBXBuildFile section */

/* Begin PBXFileReference section */
		ED23AC2C1D51BF7E00E441A9 /* Example.app */ = {isa = PBXFileReference; explicitFileType = wrapper.application; includeInIndex = 0; path = Example.app; sourceTree = BUILT_PRODUCTS_DIR; };
		ED23AC2F1D51BF7E00E441A9 /* AppDelegate.swift */ = {isa = PBXFileReference; lastKnownFileType = sourcecode.swift; path = AppDelegate.swift; sourceTree = "<group>"; };
		ED23AC311D51BF7E00E441A9 /* ViewController.swift */ = {isa = PBXFileReference; lastKnownFileType = sourcecode.swift; path = ViewController.swift; sourceTree = "<group>"; };
		ED23AC341D51BF7E00E441A9 /* Base */ = {isa = PBXFileReference; lastKnownFileType = file.storyboard; name = Base; path = Base.lproj/Main.storyboard; sourceTree = "<group>"; };
		ED23AC361D51BF7E00E441A9 /* Assets.xcassets */ = {isa = PBXFileReference; lastKnownFileType = folder.assetcatalog; path = Assets.xcassets; sourceTree = "<group>"; };
		ED23AC391D51BF7E00E441A9 /* Base */ = {isa = PBXFileReference; lastKnownFileType = file.storyboard; name = Base; path = Base.lproj/LaunchScreen.storyboard; sourceTree = "<group>"; };
		ED23AC3B1D51BF7E00E441A9 /* Info.plist */ = {isa = PBXFileReference; lastKnownFileType = text.plist.xml; path = Info.plist; sourceTree = "<group>"; };
/* End PBXFileReference section */

/* Begin PBXFrameworksBuildPhase section */
		ED23AC291D51BF7E00E441A9 /* Frameworks */ = {
			isa = PBXFrameworksBuildPhase;
			buildActionMask = 2147483647;
			files = (
			);
			runOnlyForDeploymentPostprocessing = 0;
		};
/* End PBXFrameworksBuildPhase section */

/* Begin PBXGroup section */
		ED23AC231D51BF7E00E441A9 = {
			isa = PBXGroup;
			children = (
				ED23AC2E1D51BF7E00E441A9 /* Example */,
				ED23AC2D1D51BF7E00E441A9 /* Products */,
			);
			sourceTree = "<group>";
		};
		ED23AC2D1D51BF7E00E441A9 /* Products */ = {
			isa = PBXGroup;
			children = (
				ED23AC2C1D51BF7E00E441A9 /* Example.app */,
			);
			name = Products;
			sourceTree = "<group>";
		};
		ED23AC2E1D51BF7E00E441A9 /* Example */ = {
			isa = PBXGroup;
			children = (
				ED23AC2F1D51BF7E00E441A9 /* AppDelegate.swift */,
				ED23AC311D51BF7E00E441A9 /* ViewController.swift */,
				ED23AC331D51BF7E00E441A9 /* Main.storyboard */,
				ED23AC361D51BF7E00E441A9 /* Assets.xcassets */,
				ED23AC381D51BF7E00E441A9 /* LaunchScreen.storyboard */,
				ED23AC3B1D51BF7E00E441A9 /* Info.plist */,
			);
			path = Example;
			sourceTree = "<group>";
		};
/* End PBXGroup section */

/* Begin PBXNativeTarget section */
		ED23AC2B1D51BF7E00E441A9 /* Example */ = {
			isa = PBXNativeTarget;
			buildConfigurationList = ED23AC3E1D51BF7E00E441A9 /* Build configuration list for PBXNativeTarget "Example" */;
			buildPhases = (
				ED23AC281D51BF7E00E441A9 /* Sources */,
				ED23AC291D51BF7E00E441A9 /* Frameworks */,
				ED23AC2A1D51BF7E00E441A9 /* Resources */,
			);
			buildRules = (
			);
			dependencies = (
			);
			name = Example;
			productName = Example;
			productReference = ED23AC2C1D51BF7E00E441A9 /* Example.app */;
			productType = "com.apple.product-type.application";
		};
/* End PBXNativeTarget section */

/* Begin PBXProject section */
		ED23AC241D51BF7E00E441A9 /* Project object */ = {
			isa = PBXProject;
			attributes = {
				LastSwiftUpdateCheck = 0730;
				LastUpgradeCheck = 0730;
				ORGANIZATIONNAME = Lady;
				TargetAttributes = {
					ED23AC2B1D51BF7E00E441A9 = {
						CreatedOnToolsVersion = 7.3.1;
					};
				};
			};
			buildConfigurationList = ED23AC271D51BF7E00E441A9 /* Build configuration list for PBXProject "Example" */;
			compatibilityVersion = "Xcode 3.2";
			developmentRegion = English;
			hasScannedForEncodings = 0;
			knownRegions = (
				en,
				Base,
			);
			mainGroup = ED23AC231D51BF7E00E441A9;
			productRefGroup = ED23AC2D1D51BF7E00E441A9 /* Products */;
			projectDirPath = "";
			projectRoot = "";
			targets = (
				ED23AC2B1D51BF7E00E441A9 /* Example */,
			);
		};
/* End PBXProject section */

/* Begin PBXResourcesBuildPhase section */
		ED23AC2A1D51BF7E00E441A9 /* Resources */ = {
			isa = PBXResourcesBuildPhase;
			buildActionMask = 2147483647;
			files = (
				ED23AC3A1D51BF7E00E441A9 /* LaunchScreen.storyboard in Resources */,
				ED23AC371D51BF7E00E441A9 /* Assets.xcassets in Resources */,
				ED23AC351D51BF7E00E441A9 /* Main.storyboard in Resources */,
			);
			runOnlyForDeploymentPostprocessing = 0;
		};
/* End PBXResourcesBuildPhase section */

/* Begin PBXSourcesBuildPhase section */
		ED23AC281D51BF7E00E441A9 /* Sources */ = {
			isa = PBXSourcesBuildPhase;
			buildActionMask = 2147483647;
			files = (
				ED23AC321D51BF7E00E441A9 /* ViewController.swift in Sources */,
				ED23AC301D51BF7E00E441A9 /* AppDelegate.swift in Sources */,
			);
			runOnlyForDeploymentPostprocessing = 0;
		};
/* End PBXSourcesBuildPhase section */

/* Begin PBXVariantGroup section */
		ED23AC331D51BF7E00E441A9 /* Main.storyboard */ = {
			isa = PBXVariantGroup;
			children = (
				ED23AC341D51BF7E00E441A9 /* Base */,
			);
			name = Main.storyboard;
			sourceTree = "<group>";
		};
		ED23AC381D51BF7E00E441A9 /* LaunchScreen.storyboard */ = {
			isa = PBXVariantGroup;
			children = (
				ED23AC391D51BF7E00E441A9 /* Base */,
			);
			name = LaunchScreen.storyboard;
			sourceTree = "<group>";
		};
/* End PBXVariantGroup section */

/* Begin XCBuildConfiguration section */
		ED23AC3C1D51BF7E00E441A9 /* Debug */ = {
			isa = XCBuildConfiguration;
			buildSettings = {
				ALWAYS_SEARCH_USER_PATHS = NO;
				CLANG_ANALYZER_NONNULL = YES;
				CLANG_CXX_LANGUAGE_STANDARD = "gnu++0x";
				CLANG_CXX_LIBRARY = "libc++";
				CLANG_ENABLE_MODULES = YES;
				CLANG_ENABLE_OBJC_ARC = YES;
				CLANG_WARN_BOOL_CONVERSION = YES;
				CLANG_WARN_CONSTANT_CONVERSION = YES;
				CLANG_WARN_DIRECT_OBJC_ISA_USAGE = YES_ERROR;
				CLANG_WARN_EMPTY_BODY = YES;
				CLANG_WARN_ENUM_CONVERSION = YES;
				CLANG_WARN_INT_CONVERSION = YES;
				CLANG_WARN_OBJC_ROOT_CLASS = YES_ERROR;
				CLANG_WARN_UNREACHABLE_CODE = YES;
				CLANG_WARN__DUPLICATE_METHOD_MATCH = YES;
				"CODE_SIGN_IDENTITY[sdk=iphoneos*]" = "iPhone Developer";
				COPY_PHASE_STRIP = NO;
				DEBUG_INFORMATION_FORMAT = dwarf;
				ENABLE_STRICT_OBJC_MSGSEND = YES;
				ENABLE_TESTABILITY = YES;
				GCC_C_LANGUAGE_STANDARD = gnu99;
				GCC_DYNAMIC_NO_PIC = NO;
				GCC_NO_COMMON_BLOCKS = YES;
				GCC_OPTIMIZATION_LEVEL = 0;
				GCC_PREPROCESSOR_DEFINITIONS = (
					"DEBUG=1",
					"$(inherited)",
				);
				GCC_WARN_64_TO_32_BIT_CONVERSION = YES;
				GCC_WARN_ABOUT_RETURN_TYPE = YES_ERROR;
				GCC_WARN_UNDECLARED_SELECTOR = YES;
				GCC_WARN_UNINITIALIZED_AUTOS = YES_AGGRESSIVE;
				GCC_WARN_UNUSED_FUNCTION = YES;
				GCC_WARN_UNUSED_VARIABLE = YES;
				IPHONEOS_DEPLOYMENT_TARGET = 9.3;
				MTL_ENABLE_DEBUG_INFO = YES;
				ONLY_ACTIVE_ARCH = YES;
				SDKROOT = iphoneos;
				SWIFT_OPTIMIZATION_LEVEL = "-Onone";
			};
			name = Debug;
		};
		ED23AC3D1D51BF7E00E441A9 /* Release */ = {
			isa = XCBuildConfiguration;
			buildSettings = {
				ALWAYS_SEARCH_USER_PATHS = NO;
				CLANG_ANALYZER_NONNULL = YES;
				CLANG_CXX_LANGUAGE_STANDARD = "gnu++0x";
				CLANG_CXX_LIBRARY = "libc++";
				CLANG_ENABLE_MODULES = YES;
				CLANG_ENABLE_OBJC_ARC = YES;
				CLANG_WARN_BOOL_CONVERSION = YES;
				CLANG_WARN_CONSTANT_CONVERSION = YES;
				CLANG_WARN_DIRECT_OBJC_ISA_USAGE = YES_ERROR;
				CLANG_WARN_EMPTY_BODY = YES;
				CLANG_WARN_ENUM_CONVERSION = YES;
				CLANG_WARN_INT_CONVERSION = YES;
				CLANG_WARN_OBJC_ROOT_CLASS = YES_ERROR;
				CLANG_WARN_UNREACHABLE_CODE = YES;
				CLANG_WARN__DUPLICATE_METHOD_MATCH = YES;
				"CODE_SIGN_IDENTITY[sdk=iphoneos*]" = "iPhone Developer";
				COPY_PHASE_STRIP = NO;
				DEBUG_INFORMATION_FORMAT = "dwarf-with-dsym";
				ENABLE_NS_ASSERTIONS = NO;
				ENABLE_STRICT_OBJC_MSGSEND = YES;
				GCC_C_LANGUAGE_STANDARD = gnu99;
				GCC_NO_COMMON_BLOCKS = YES;
				GCC_WARN_64_TO_32_BIT_CONVERSION = YES;
				GCC_WARN_ABOUT_RETURN_TYPE = YES_ERROR;
				GCC_WARN_UNDECLARED_SELECTOR = YES;
				GCC_WARN_UNINITIALIZED_AUTOS = YES_AGGRESSIVE;
				GCC_WARN_UNUSED_FUNCTION = YES;
				GCC_WARN_UNUSED_VARIABLE = YES;
				IPHONEOS_DEPLOYMENT_TARGET = 9.3;
				MTL_ENABLE_DEBUG_INFO = NO;
				SDKROOT = iphoneos;
				VALIDATE_PRODUCT = YES;
			};
			name = Release;
		};
		ED23AC3F1D51BF7E00E441A9 /* Debug */ = {
			isa = XCBuildConfiguration;
			buildSettings = {
				ASSETCATALOG_COMPILER_APPICON_NAME = AppIcon;
				INFOPLIST_FILE = Example/Info.plist;
				LD_RUNPATH_SEARCH_PATHS = "$(inherited) @executable_path/Frameworks";
				PRODUCT_BUNDLE_IDENTIFIER = top.limon.Example;
				PRODUCT_NAME = "$(TARGET_NAME)";
			};
			name = Debug;
		};
		ED23AC401D51BF7E00E441A9 /* Release */ = {
			isa = XCBuildConfiguration;
			buildSettings = {
				ASSETCATALOG_COMPILER_APPICON_NAME = AppIcon;
				INFOPLIST_FILE = Example/Info.plist;
				LD_RUNPATH_SEARCH_PATHS = "$(inherited) @executable_path/Frameworks";
				PRODUCT_BUNDLE_IDENTIFIER = top.limon.Example;
				PRODUCT_NAME = "$(TARGET_NAME)";
			};
			name = Release;
		};
/* End XCBuildConfiguration section */

/* Begin XCConfigurationList section */
		ED23AC271D51BF7E00E441A9 /* Build configuration list for PBXProject "Example" */ = {
			isa = XCConfigurationList;
			buildConfigurations = (
				ED23AC3C1D51BF7E00E441A9 /* Debug */,
				ED23AC3D1D51BF7E00E441A9 /* Release */,
			);
			defaultConfigurationIsVisible = 0;
			defaultConfigurationName = Release;
		};
		ED23AC3E1D51BF7E00E441A9 /* Build configuration list for PBXNativeTarget "Example" */ = {
			isa = XCConfigurationList;
			buildConfigurations = (
				ED23AC3F1D51BF7E00E441A9 /* Debug */,
				ED23AC401D51BF7E00E441A9 /* Release */,
			);
			defaultConfigurationIsVisible = 0;
		};
/* End XCConfigurationList section */
	};
	rootObject = ED23AC241D51BF7E00E441A9 /* Project object */;
}
