// !$*UTF8*$!
{
	archiveVersion = 1;
	classes = {
	};
	objectVersion = 46;
	objects = {

/* Begin PBXBuildFile section */
		ED23AC301D51BF7E00E441A9 /* AppDelegate.swift in Sources */ = {isa = PBXBuildFile; fileRef = ED23AC2F1D51BF7E00E441A9 /* AppDelegate.swift */; };
		ED23AC351D51BF7E00E441A9 /* Main.storyboard in Resources */ = {isa = PBXBuildFile; fileRef = ED23AC331D51BF7E00E441A9 /* Main.storyboard */; };
		ED23AC371D51BF7E00E441A9 /* Assets.xcassets in Resources */ = {isa = PBXBuildFile; fileRef = ED23AC361D51BF7E00E441A9 /* Assets.xcassets */; };
		ED23AC3A1D51BF7E00E441A9 /* LaunchScreen.storyboard in Resources */ = {isa = PBXBuildFile; fileRef = ED23AC381D51BF7E00E441A9 /* LaunchScreen.storyboard */; };
		ED23AC491D51BFB400E441A9 /* Lady.h in Headers */ = {isa = PBXBuildFile; fileRef = ED23AC481D51BFB400E441A9 /* Lady.h */; settings = {ATTRIBUTES = (Public, ); }; };
		ED23AC4D1D51BFB400E441A9 /* Lady.framework in Frameworks */ = {isa = PBXBuildFile; fileRef = ED23AC461D51BFB400E441A9 /* Lady.framework */; };
		ED23AC4E1D51BFB400E441A9 /* Lady.framework in Embed Frameworks */ = {isa = PBXBuildFile; fileRef = ED23AC461D51BFB400E441A9 /* Lady.framework */; settings = {ATTRIBUTES = (CodeSignOnCopy, RemoveHeadersOnCopy, ); }; };
		ED23AC561D51C17800E441A9 /* RGBToneCurveFilter.swift in Sources */ = {isa = PBXBuildFile; fileRef = ED23AC551D51C17800E441A9 /* RGBToneCurveFilter.swift */; };
		ED3BED581D56325000007787 /* GreenBlueChannelOverlayBlendFilter.cikernel in Resources */ = {isa = PBXBuildFile; fileRef = ED3BED541D56325000007787 /* GreenBlueChannelOverlayBlendFilter.cikernel */; };
		ED3BED591D56325000007787 /* HighPassFilter.cikernel in Resources */ = {isa = PBXBuildFile; fileRef = ED3BED551D56325000007787 /* HighPassFilter.cikernel */; };
		ED3BED5A1D56325000007787 /* HighPassSkinSmoothingMaskBoostFilter.cikernel in Resources */ = {isa = PBXBuildFile; fileRef = ED3BED561D56325000007787 /* HighPassSkinSmoothingMaskBoostFilter.cikernel */; };
		ED3BED5B1D56325000007787 /* RGBToneCurveFilter.cikernel in Resources */ = {isa = PBXBuildFile; fileRef = ED3BED571D56325000007787 /* RGBToneCurveFilter.cikernel */; };
		ED6EE7CF1D52231F006D678E /* HighPassFilter.swift in Sources */ = {isa = PBXBuildFile; fileRef = ED6EE7CE1D52231F006D678E /* HighPassFilter.swift */; };
		EDAB85CD1D5334EB0019D33A /* HighPassSkinSmoothingFilter.swift in Sources */ = {isa = PBXBuildFile; fileRef = EDAB85CC1D5334EB0019D33A /* HighPassSkinSmoothingFilter.swift */; };
		EDAB85CF1D5335FC0019D33A /* GreenBlueChannelOverlayBlendFilter.swift in Sources */ = {isa = PBXBuildFile; fileRef = EDAB85CE1D5335FC0019D33A /* GreenBlueChannelOverlayBlendFilter.swift */; };
		EDAB85D31D53373A0019D33A /* HighPassSkinSmoothingMaskBoostFilter.swift in Sources */ = {isa = PBXBuildFile; fileRef = EDAB85D21D53373A0019D33A /* HighPassSkinSmoothingMaskBoostFilter.swift */; };
		EDDA941B1D54875500C0F3B6 /* HighPassSkinSmoothingMaskGenerator.swift in Sources */ = {isa = PBXBuildFile; fileRef = EDDA941A1D54875500C0F3B6 /* HighPassSkinSmoothingMaskGenerator.swift */; };
		EDDA94201D54A8A200C0F3B6 /* MainTableTableViewController.swift in Sources */ = {isa = PBXBuildFile; fileRef = EDDA941C1D54A8A200C0F3B6 /* MainTableTableViewController.swift */; };
		EDDA94211D54A8A200C0F3B6 /* DefaultRenderContextViewController.swift in Sources */ = {isa = PBXBuildFile; fileRef = EDDA941D1D54A8A200C0F3B6 /* DefaultRenderContextViewController.swift */; };
		EDDA94221D54A8A200C0F3B6 /* OpenGLRenderContextViewController.swift in Sources */ = {isa = PBXBuildFile; fileRef = EDDA941E1D54A8A200C0F3B6 /* OpenGLRenderContextViewController.swift */; };
		EDDA94231D54A8A200C0F3B6 /* MetalRenderContextViewController.swift in Sources */ = {isa = PBXBuildFile; fileRef = EDDA941F1D54A8A200C0F3B6 /* MetalRenderContextViewController.swift */; };
/* End PBXBuildFile section */

/* Begin PBXContainerItemProxy section */
		ED23AC4B1D51BFB400E441A9 /* PBXContainerItemProxy */ = {
			isa = PBXContainerItemProxy;
			containerPortal = ED23AC241D51BF7E00E441A9 /* Project object */;
			proxyType = 1;
			remoteGlobalIDString = ED23AC451D51BFB400E441A9;
			remoteInfo = Lady;
		};
/* End PBXContainerItemProxy section */

/* Begin PBXCopyFilesBuildPhase section */
		ED23AC521D51BFB400E441A9 /* Embed Frameworks */ = {
			isa = PBXCopyFilesBuildPhase;
			buildActionMask = 2147483647;
			dstPath = "";
			dstSubfolderSpec = 10;
			files = (
				ED23AC4E1D51BFB400E441A9 /* Lady.framework in Embed Frameworks */,
			);
			name = "Embed Frameworks";
			runOnlyForDeploymentPostprocessing = 0;
		};
/* End PBXCopyFilesBuildPhase section */

/* Begin PBXFileReference section */
		ED23AC2C1D51BF7E00E441A9 /* Example.app */ = {isa = PBXFileReference; explicitFileType = wrapper.application; includeInIndex = 0; path = Example.app; sourceTree = BUILT_PRODUCTS_DIR; };
		ED23AC2F1D51BF7E00E441A9 /* AppDelegate.swift */ = {isa = PBXFileReference; lastKnownFileType = sourcecode.swift; path = AppDelegate.swift; sourceTree = "<group>"; };
		ED23AC341D51BF7E00E441A9 /* Base */ = {isa = PBXFileReference; lastKnownFileType = file.storyboard; name = Base; path = Base.lproj/Main.storyboard; sourceTree = "<group>"; };
		ED23AC361D51BF7E00E441A9 /* Assets.xcassets */ = {isa = PBXFileReference; lastKnownFileType = folder.assetcatalog; path = Assets.xcassets; sourceTree = "<group>"; };
		ED23AC391D51BF7E00E441A9 /* Base */ = {isa = PBXFileReference; lastKnownFileType = file.storyboard; name = Base; path = Base.lproj/LaunchScreen.storyboard; sourceTree = "<group>"; };
		ED23AC3B1D51BF7E00E441A9 /* Info.plist */ = {isa = PBXFileReference; lastKnownFileType = text.plist.xml; path = Info.plist; sourceTree = "<group>"; };
		ED23AC461D51BFB400E441A9 /* Lady.framework */ = {isa = PBXFileReference; explicitFileType = wrapper.framework; includeInIndex = 0; path = Lady.framework; sourceTree = BUILT_PRODUCTS_DIR; };
		ED23AC481D51BFB400E441A9 /* Lady.h */ = {isa = PBXFileReference; lastKnownFileType = sourcecode.c.h; path = Lady.h; sourceTree = "<group>"; };
		ED23AC4A1D51BFB400E441A9 /* Info.plist */ = {isa = PBXFileReference; lastKnownFileType = text.plist.xml; path = Info.plist; sourceTree = "<group>"; };
		ED23AC551D51C17800E441A9 /* RGBToneCurveFilter.swift */ = {isa = PBXFileReference; fileEncoding = 4; lastKnownFileType = sourcecode.swift; path = RGBToneCurveFilter.swift; sourceTree = "<group>"; };
		ED3BED541D56325000007787 /* GreenBlueChannelOverlayBlendFilter.cikernel */ = {isa = PBXFileReference; fileEncoding = 4; lastKnownFileType = text; path = GreenBlueChannelOverlayBlendFilter.cikernel; sourceTree = "<group>"; };
		ED3BED551D56325000007787 /* HighPassFilter.cikernel */ = {isa = PBXFileReference; fileEncoding = 4; lastKnownFileType = text; path = HighPassFilter.cikernel; sourceTree = "<group>"; };
		ED3BED561D56325000007787 /* HighPassSkinSmoothingMaskBoostFilter.cikernel */ = {isa = PBXFileReference; fileEncoding = 4; lastKnownFileType = text; path = HighPassSkinSmoothingMaskBoostFilter.cikernel; sourceTree = "<group>"; };
		ED3BED571D56325000007787 /* RGBToneCurveFilter.cikernel */ = {isa = PBXFileReference; fileEncoding = 4; lastKnownFileType = text; path = RGBToneCurveFilter.cikernel; sourceTree = "<group>"; };
		ED6EE7CE1D52231F006D678E /* HighPassFilter.swift */ = {isa = PBXFileReference; fileEncoding = 4; lastKnownFileType = sourcecode.swift; path = HighPassFilter.swift; sourceTree = "<group>"; };
		EDAB85CC1D5334EB0019D33A /* HighPassSkinSmoothingFilter.swift */ = {isa = PBXFileReference; fileEncoding = 4; lastKnownFileType = sourcecode.swift; path = HighPassSkinSmoothingFilter.swift; sourceTree = "<group>"; };
		EDAB85CE1D5335FC0019D33A /* GreenBlueChannelOverlayBlendFilter.swift */ = {isa = PBXFileReference; fileEncoding = 4; lastKnownFileType = sourcecode.swift; path = GreenBlueChannelOverlayBlendFilter.swift; sourceTree = "<group>"; };
		EDAB85D21D53373A0019D33A /* HighPassSkinSmoothingMaskBoostFilter.swift */ = {isa = PBXFileReference; fileEncoding = 4; lastKnownFileType = sourcecode.swift; path = HighPassSkinSmoothingMaskBoostFilter.swift; sourceTree = "<group>"; };
		EDDA941A1D54875500C0F3B6 /* HighPassSkinSmoothingMaskGenerator.swift */ = {isa = PBXFileReference; fileEncoding = 4; lastKnownFileType = sourcecode.swift; path = HighPassSkinSmoothingMaskGenerator.swift; sourceTree = "<group>"; };
		EDDA941C1D54A8A200C0F3B6 /* MainTableTableViewController.swift */ = {isa = PBXFileReference; fileEncoding = 4; lastKnownFileType = sourcecode.swift; path = MainTableTableViewController.swift; sourceTree = "<group>"; };
		EDDA941D1D54A8A200C0F3B6 /* DefaultRenderContextViewController.swift */ = {isa = PBXFileReference; fileEncoding = 4; lastKnownFileType = sourcecode.swift; path = DefaultRenderContextViewController.swift; sourceTree = "<group>"; };
		EDDA941E1D54A8A200C0F3B6 /* OpenGLRenderContextViewController.swift */ = {isa = PBXFileReference; fileEncoding = 4; lastKnownFileType = sourcecode.swift; path = OpenGLRenderContextViewController.swift; sourceTree = "<group>"; };
		EDDA941F1D54A8A200C0F3B6 /* MetalRenderContextViewController.swift */ = {isa = PBXFileReference; fileEncoding = 4; lastKnownFileType = sourcecode.swift; path = MetalRenderContextViewController.swift; sourceTree = "<group>"; };
/* End PBXFileReference section */

/* Begin PBXFrameworksBuildPhase section */
		ED23AC291D51BF7E00E441A9 /* Frameworks */ = {
			isa = PBXFrameworksBuildPhase;
			buildActionMask = 2147483647;
			files = (
				ED23AC4D1D51BFB400E441A9 /* Lady.framework in Frameworks */,
			);
			runOnlyForDeploymentPostprocessing = 0;
		};
		ED23AC421D51BFB400E441A9 /* Frameworks */ = {
			isa = PBXFrameworksBuildPhase;
			buildActionMask = 2147483647;
			files = (
			);
			runOnlyForDeploymentPostprocessing = 0;
		};
/* End PBXFrameworksBuildPhase section */

/* Begin PBXGroup section */
		ED23AC231D51BF7E00E441A9 = {
			isa = PBXGroup;
			children = (
				ED23AC2E1D51BF7E00E441A9 /* Example */,
				ED23AC471D51BFB400E441A9 /* Lady */,
				ED23AC2D1D51BF7E00E441A9 /* Products */,
			);
			sourceTree = "<group>";
		};
		ED23AC2D1D51BF7E00E441A9 /* Products */ = {
			isa = PBXGroup;
			children = (
				ED23AC2C1D51BF7E00E441A9 /* Example.app */,
				ED23AC461D51BFB400E441A9 /* Lady.framework */,
			);
			name = Products;
			sourceTree = "<group>";
		};
		ED23AC2E1D51BF7E00E441A9 /* Example */ = {
			isa = PBXGroup;
			children = (
				ED23AC2F1D51BF7E00E441A9 /* AppDelegate.swift */,
				EDDA941C1D54A8A200C0F3B6 /* MainTableTableViewController.swift */,
				EDDA941D1D54A8A200C0F3B6 /* DefaultRenderContextViewController.swift */,
				EDDA941E1D54A8A200C0F3B6 /* OpenGLRenderContextViewController.swift */,
				EDDA941F1D54A8A200C0F3B6 /* MetalRenderContextViewController.swift */,
				ED23AC331D51BF7E00E441A9 /* Main.storyboard */,
				ED23AC361D51BF7E00E441A9 /* Assets.xcassets */,
				ED23AC381D51BF7E00E441A9 /* LaunchScreen.storyboard */,
				ED23AC3B1D51BF7E00E441A9 /* Info.plist */,
			);
			path = Example;
			sourceTree = "<group>";
		};
		ED23AC471D51BFB400E441A9 /* Lady */ = {
			isa = PBXGroup;
			children = (
				ED23AC481D51BFB400E441A9 /* Lady.h */,
				ED23AC4A1D51BFB400E441A9 /* Info.plist */,
				EDAB85CC1D5334EB0019D33A /* HighPassSkinSmoothingFilter.swift */,
				ED6EE7CE1D52231F006D678E /* HighPassFilter.swift */,
				ED23AC551D51C17800E441A9 /* RGBToneCurveFilter.swift */,
				EDAB85CE1D5335FC0019D33A /* GreenBlueChannelOverlayBlendFilter.swift */,
				EDAB85D21D53373A0019D33A /* HighPassSkinSmoothingMaskBoostFilter.swift */,
				EDDA941A1D54875500C0F3B6 /* HighPassSkinSmoothingMaskGenerator.swift */,
				ED3BED531D56325000007787 /* Resources */,
			);
			path = Lady;
			sourceTree = "<group>";
		};
		ED3BED531D56325000007787 /* Resources */ = {
			isa = PBXGroup;
			children = (
				ED3BED541D56325000007787 /* GreenBlueChannelOverlayBlendFilter.cikernel */,
				ED3BED551D56325000007787 /* HighPassFilter.cikernel */,
				ED3BED561D56325000007787 /* HighPassSkinSmoothingMaskBoostFilter.cikernel */,
				ED3BED571D56325000007787 /* RGBToneCurveFilter.cikernel */,
			);
			path = Resources;
			sourceTree = "<group>";
		};
/* End PBXGroup section */

/* Begin PBXHeadersBuildPhase section */
		ED23AC431D51BFB400E441A9 /* Headers */ = {
			isa = PBXHeadersBuildPhase;
			buildActionMask = 2147483647;
			files = (
				ED23AC491D51BFB400E441A9 /* Lady.h in Headers */,
			);
			runOnlyForDeploymentPostprocessing = 0;
		};
/* End PBXHeadersBuildPhase section */

/* Begin PBXNativeTarget section */
		ED23AC2B1D51BF7E00E441A9 /* Example */ = {
			isa = PBXNativeTarget;
			buildConfigurationList = ED23AC3E1D51BF7E00E441A9 /* Build configuration list for PBXNativeTarget "Example" */;
			buildPhases = (
				ED23AC281D51BF7E00E441A9 /* Sources */,
				ED23AC291D51BF7E00E441A9 /* Frameworks */,
				ED23AC2A1D51BF7E00E441A9 /* Resources */,
				ED23AC521D51BFB400E441A9 /* Embed Frameworks */,
			);
			buildRules = (
			);
			dependencies = (
				ED23AC4C1D51BFB400E441A9 /* PBXTargetDependency */,
			);
			name = Example;
			productName = Example;
			productReference = ED23AC2C1D51BF7E00E441A9 /* Example.app */;
			productType = "com.apple.product-type.application";
		};
		ED23AC451D51BFB400E441A9 /* Lady */ = {
			isa = PBXNativeTarget;
			buildConfigurationList = ED23AC4F1D51BFB400E441A9 /* Build configuration list for PBXNativeTarget "Lady" */;
			buildPhases = (
				ED23AC411D51BFB400E441A9 /* Sources */,
				ED23AC421D51BFB400E441A9 /* Frameworks */,
				ED23AC431D51BFB400E441A9 /* Headers */,
				ED23AC441D51BFB400E441A9 /* Resources */,
			);
			buildRules = (
			);
			dependencies = (
			);
			name = Lady;
			productName = Lady;
			productReference = ED23AC461D51BFB400E441A9 /* Lady.framework */;
			productType = "com.apple.product-type.framework";
		};
/* End PBXNativeTarget section */

/* Begin PBXProject section */
		ED23AC241D51BF7E00E441A9 /* Project object */ = {
			isa = PBXProject;
			attributes = {
				LastSwiftUpdateCheck = 0730;
				LastUpgradeCheck = 0730;
				ORGANIZATIONNAME = Lady;
				TargetAttributes = {
					ED23AC2B1D51BF7E00E441A9 = {
						CreatedOnToolsVersion = 7.3.1;
					};
					ED23AC451D51BFB400E441A9 = {
						CreatedOnToolsVersion = 7.3.1;
					};
				};
			};
			buildConfigurationList = ED23AC271D51BF7E00E441A9 /* Build configuration list for PBXProject "Example" */;
			compatibilityVersion = "Xcode 3.2";
			developmentRegion = English;
			hasScannedForEncodings = 0;
			knownRegions = (
				en,
				Base,
			);
			mainGroup = ED23AC231D51BF7E00E441A9;
			productRefGroup = ED23AC2D1D51BF7E00E441A9 /* Products */;
			projectDirPath = "";
			projectRoot = "";
			targets = (
				ED23AC2B1D51BF7E00E441A9 /* Example */,
				ED23AC451D51BFB400E441A9 /* Lady */,
			);
		};
/* End PBXProject section */

/* Begin PBXResourcesBuildPhase section */
		ED23AC2A1D51BF7E00E441A9 /* Resources */ = {
			isa = PBXResourcesBuildPhase;
			buildActionMask = 2147483647;
			files = (
				ED23AC3A1D51BF7E00E441A9 /* LaunchScreen.storyboard in Resources */,
				ED23AC371D51BF7E00E441A9 /* Assets.xcassets in Resources */,
				ED23AC351D51BF7E00E441A9 /* Main.storyboard in Resources */,
			);
			runOnlyForDeploymentPostprocessing = 0;
		};
		ED23AC441D51BFB400E441A9 /* Resources */ = {
			isa = PBXResourcesBuildPhase;
			buildActionMask = 2147483647;
			files = (
				ED3BED581D56325000007787 /* GreenBlueChannelOverlayBlendFilter.cikernel in Resources */,
				ED3BED591D56325000007787 /* HighPassFilter.cikernel in Resources */,
				ED3BED5B1D56325000007787 /* RGBToneCurveFilter.cikernel in Resources */,
				ED3BED5A1D56325000007787 /* HighPassSkinSmoothingMaskBoostFilter.cikernel in Resources */,
			);
			runOnlyForDeploymentPostprocessing = 0;
		};
/* End PBXResourcesBuildPhase section */

/* Begin PBXSourcesBuildPhase section */
		ED23AC281D51BF7E00E441A9 /* Sources */ = {
			isa = PBXSourcesBuildPhase;
			buildActionMask = 2147483647;
			files = (
				EDDA94231D54A8A200C0F3B6 /* MetalRenderContextViewController.swift in Sources */,
				EDDA94211D54A8A200C0F3B6 /* DefaultRenderContextViewController.swift in Sources */,
				ED23AC301D51BF7E00E441A9 /* AppDelegate.swift in Sources */,
				EDDA94201D54A8A200C0F3B6 /* MainTableTableViewController.swift in Sources */,
				EDDA94221D54A8A200C0F3B6 /* OpenGLRenderContextViewController.swift in Sources */,
			);
			runOnlyForDeploymentPostprocessing = 0;
		};
		ED23AC411D51BFB400E441A9 /* Sources */ = {
			isa = PBXSourcesBuildPhase;
			buildActionMask = 2147483647;
			files = (
				EDAB85D31D53373A0019D33A /* HighPassSkinSmoothingMaskBoostFilter.swift in Sources */,
				EDDA941B1D54875500C0F3B6 /* HighPassSkinSmoothingMaskGenerator.swift in Sources */,
				ED6EE7CF1D52231F006D678E /* HighPassFilter.swift in Sources */,
				EDAB85CD1D5334EB0019D33A /* HighPassSkinSmoothingFilter.swift in Sources */,
				EDAB85CF1D5335FC0019D33A /* GreenBlueChannelOverlayBlendFilter.swift in Sources */,
				ED23AC561D51C17800E441A9 /* RGBToneCurveFilter.swift in Sources */,
			);
			runOnlyForDeploymentPostprocessing = 0;
		};
/* End PBXSourcesBuildPhase section */

/* Begin PBXTargetDependency section */
		ED23AC4C1D51BFB400E441A9 /* PBXTargetDependency */ = {
			isa = PBXTargetDependency;
			target = ED23AC451D51BFB400E441A9 /* Lady */;
			targetProxy = ED23AC4B1D51BFB400E441A9 /* PBXContainerItemProxy */;
		};
/* End PBXTargetDependency section */

/* Begin PBXVariantGroup section */
		ED23AC331D51BF7E00E441A9 /* Main.storyboard */ = {
			isa = PBXVariantGroup;
			children = (
				ED23AC341D51BF7E00E441A9 /* Base */,
			);
			name = Main.storyboard;
			sourceTree = "<group>";
		};
		ED23AC381D51BF7E00E441A9 /* LaunchScreen.storyboard */ = {
			isa = PBXVariantGroup;
			children = (
				ED23AC391D51BF7E00E441A9 /* Base */,
			);
			name = LaunchScreen.storyboard;
			sourceTree = "<group>";
		};
/* End PBXVariantGroup section */

/* Begin XCBuildConfiguration section */
		ED23AC3C1D51BF7E00E441A9 /* Debug */ = {
			isa = XCBuildConfiguration;
			buildSettings = {
				ALWAYS_SEARCH_USER_PATHS = NO;
				CLANG_ANALYZER_NONNULL = YES;
				CLANG_CXX_LANGUAGE_STANDARD = "gnu++0x";
				CLANG_CXX_LIBRARY = "libc++";
				CLANG_ENABLE_MODULES = YES;
				CLANG_ENABLE_OBJC_ARC = YES;
				CLANG_WARN_BOOL_CONVERSION = YES;
				CLANG_WARN_CONSTANT_CONVERSION = YES;
				CLANG_WARN_DIRECT_OBJC_ISA_USAGE = YES_ERROR;
				CLANG_WARN_EMPTY_BODY = YES;
				CLANG_WARN_ENUM_CONVERSION = YES;
				CLANG_WARN_INT_CONVERSION = YES;
				CLANG_WARN_OBJC_ROOT_CLASS = YES_ERROR;
				CLANG_WARN_UNREACHABLE_CODE = YES;
				CLANG_WARN__DUPLICATE_METHOD_MATCH = YES;
				"CODE_SIGN_IDENTITY[sdk=iphoneos*]" = "iPhone Developer";
				COPY_PHASE_STRIP = NO;
				DEBUG_INFORMATION_FORMAT = dwarf;
				ENABLE_STRICT_OBJC_MSGSEND = YES;
				ENABLE_TESTABILITY = YES;
				GCC_C_LANGUAGE_STANDARD = gnu99;
				GCC_DYNAMIC_NO_PIC = NO;
				GCC_NO_COMMON_BLOCKS = YES;
				GCC_OPTIMIZATION_LEVEL = 0;
				GCC_PREPROCESSOR_DEFINITIONS = (
					"DEBUG=1",
					"$(inherited)",
				);
				GCC_WARN_64_TO_32_BIT_CONVERSION = YES;
				GCC_WARN_ABOUT_RETURN_TYPE = YES_ERROR;
				GCC_WARN_UNDECLARED_SELECTOR = YES;
				GCC_WARN_UNINITIALIZED_AUTOS = YES_AGGRESSIVE;
				GCC_WARN_UNUSED_FUNCTION = YES;
				GCC_WARN_UNUSED_VARIABLE = YES;
				IPHONEOS_DEPLOYMENT_TARGET = 9.3;
				MTL_ENABLE_DEBUG_INFO = YES;
				ONLY_ACTIVE_ARCH = YES;
				SDKROOT = iphoneos;
				SWIFT_OPTIMIZATION_LEVEL = "-Onone";
			};
			name = Debug;
		};
		ED23AC3D1D51BF7E00E441A9 /* Release */ = {
			isa = XCBuildConfiguration;
			buildSettings = {
				ALWAYS_SEARCH_USER_PATHS = NO;
				CLANG_ANALYZER_NONNULL = YES;
				CLANG_CXX_LANGUAGE_STANDARD = "gnu++0x";
				CLANG_CXX_LIBRARY = "libc++";
				CLANG_ENABLE_MODULES = YES;
				CLANG_ENABLE_OBJC_ARC = YES;
				CLANG_WARN_BOOL_CONVERSION = YES;
				CLANG_WARN_CONSTANT_CONVERSION = YES;
				CLANG_WARN_DIRECT_OBJC_ISA_USAGE = YES_ERROR;
				CLANG_WARN_EMPTY_BODY = YES;
				CLANG_WARN_ENUM_CONVERSION = YES;
				CLANG_WARN_INT_CONVERSION = YES;
				CLANG_WARN_OBJC_ROOT_CLASS = YES_ERROR;
				CLANG_WARN_UNREACHABLE_CODE = YES;
				CLANG_WARN__DUPLICATE_METHOD_MATCH = YES;
				"CODE_SIGN_IDENTITY[sdk=iphoneos*]" = "iPhone Developer";
				COPY_PHASE_STRIP = NO;
				DEBUG_INFORMATION_FORMAT = "dwarf-with-dsym";
				ENABLE_NS_ASSERTIONS = NO;
				ENABLE_STRICT_OBJC_MSGSEND = YES;
				GCC_C_LANGUAGE_STANDARD = gnu99;
				GCC_NO_COMMON_BLOCKS = YES;
				GCC_WARN_64_TO_32_BIT_CONVERSION = YES;
				GCC_WARN_ABOUT_RETURN_TYPE = YES_ERROR;
				GCC_WARN_UNDECLARED_SELECTOR = YES;
				GCC_WARN_UNINITIALIZED_AUTOS = YES_AGGRESSIVE;
				GCC_WARN_UNUSED_FUNCTION = YES;
				GCC_WARN_UNUSED_VARIABLE = YES;
				IPHONEOS_DEPLOYMENT_TARGET = 9.3;
				MTL_ENABLE_DEBUG_INFO = NO;
				SDKROOT = iphoneos;
				VALIDATE_PRODUCT = YES;
			};
			name = Release;
		};
		ED23AC3F1D51BF7E00E441A9 /* Debug */ = {
			isa = XCBuildConfiguration;
			buildSettings = {
				ASSETCATALOG_COMPILER_APPICON_NAME = AppIcon;
				EMBEDDED_CONTENT_CONTAINS_SWIFT = YES;
				INFOPLIST_FILE = Example/Info.plist;
				IPHONEOS_DEPLOYMENT_TARGET = 8.0;
				LD_RUNPATH_SEARCH_PATHS = "$(inherited) @executable_path/Frameworks";
				OTHER_SWIFT_FLAGS = "";
				PRODUCT_BUNDLE_IDENTIFIER = top.limon.Example;
				PRODUCT_NAME = "$(TARGET_NAME)";
			};
			name = Debug;
		};
		ED23AC401D51BF7E00E441A9 /* Release */ = {
			isa = XCBuildConfiguration;
			buildSettings = {
				ASSETCATALOG_COMPILER_APPICON_NAME = AppIcon;
				EMBEDDED_CONTENT_CONTAINS_SWIFT = YES;
				INFOPLIST_FILE = Example/Info.plist;
				IPHONEOS_DEPLOYMENT_TARGET = 8.0;
				LD_RUNPATH_SEARCH_PATHS = "$(inherited) @executable_path/Frameworks";
				OTHER_SWIFT_FLAGS = "";
				PRODUCT_BUNDLE_IDENTIFIER = top.limon.Example;
				PRODUCT_NAME = "$(TARGET_NAME)";
			};
			name = Release;
		};
		ED23AC501D51BFB400E441A9 /* Debug */ = {
			isa = XCBuildConfiguration;
			buildSettings = {
				CLANG_ENABLE_MODULES = YES;
				CURRENT_PROJECT_VERSION = 1;
				DEFINES_MODULE = YES;
				DYLIB_COMPATIBILITY_VERSION = 1;
				DYLIB_CURRENT_VERSION = 1;
				DYLIB_INSTALL_NAME_BASE = "@rpath";
				INFOPLIST_FILE = Lady/Info.plist;
				INSTALL_PATH = "$(LOCAL_LIBRARY_DIR)/Frameworks";
				IPHONEOS_DEPLOYMENT_TARGET = 8.0;
				LD_RUNPATH_SEARCH_PATHS = "$(inherited) @executable_path/Frameworks @loader_path/Frameworks";
				OTHER_SWIFT_FLAGS = "";
				PRODUCT_BUNDLE_IDENTIFIER = top.limon.Lady;
				PRODUCT_NAME = "$(TARGET_NAME)";
				SKIP_INSTALL = YES;
				SWIFT_OPTIMIZATION_LEVEL = "-Onone";
				TARGETED_DEVICE_FAMILY = "1,2";
				VERSIONING_SYSTEM = "apple-generic";
				VERSION_INFO_PREFIX = "";
			};
			name = Debug;
		};
		ED23AC511D51BFB400E441A9 /* Release */ = {
			isa = XCBuildConfiguration;
			buildSettings = {
				CLANG_ENABLE_MODULES = YES;
				CURRENT_PROJECT_VERSION = 1;
				DEFINES_MODULE = YES;
				DYLIB_COMPATIBILITY_VERSION = 1;
				DYLIB_CURRENT_VERSION = 1;
				DYLIB_INSTALL_NAME_BASE = "@rpath";
				INFOPLIST_FILE = Lady/Info.plist;
				INSTALL_PATH = "$(LOCAL_LIBRARY_DIR)/Frameworks";
				IPHONEOS_DEPLOYMENT_TARGET = 8.0;
				LD_RUNPATH_SEARCH_PATHS = "$(inherited) @executable_path/Frameworks @loader_path/Frameworks";
				OTHER_SWIFT_FLAGS = "";
				PRODUCT_BUNDLE_IDENTIFIER = top.limon.Lady;
				PRODUCT_NAME = "$(TARGET_NAME)";
				SKIP_INSTALL = YES;
				TARGETED_DEVICE_FAMILY = "1,2";
				VERSIONING_SYSTEM = "apple-generic";
				VERSION_INFO_PREFIX = "";
			};
			name = Release;
		};
/* End XCBuildConfiguration section */

/* Begin XCConfigurationList section */
		ED23AC271D51BF7E00E441A9 /* Build configuration list for PBXProject "Example" */ = {
			isa = XCConfigurationList;
			buildConfigurations = (
				ED23AC3C1D51BF7E00E441A9 /* Debug */,
				ED23AC3D1D51BF7E00E441A9 /* Release */,
			);
			defaultConfigurationIsVisible = 0;
			defaultConfigurationName = Release;
		};
		ED23AC3E1D51BF7E00E441A9 /* Build configuration list for PBXNativeTarget "Example" */ = {
			isa = XCConfigurationList;
			buildConfigurations = (
				ED23AC3F1D51BF7E00E441A9 /* Debug */,
				ED23AC401D51BF7E00E441A9 /* Release */,
			);
			defaultConfigurationIsVisible = 0;
			defaultConfigurationName = Release;
		};
		ED23AC4F1D51BFB400E441A9 /* Build configuration list for PBXNativeTarget "Lady" */ = {
			isa = XCConfigurationList;
			buildConfigurations = (
				ED23AC501D51BFB400E441A9 /* Debug */,
				ED23AC511D51BFB400E441A9 /* Release */,
			);
			defaultConfigurationIsVisible = 0;
			defaultConfigurationName = Release;
		};
/* End XCConfigurationList section */
	};
	rootObject = ED23AC241D51BF7E00E441A9 /* Project object */;
}
